{
  "version": 4,
  "terraform_version": "1.5.7",
  "serial": 5,
  "lineage": "093478c9-8070-9895-a05a-50765c55e4b8",
  "outputs": {},
  "resources": [
    {
      "mode": "managed",
      "type": "kubectl_manifest",
      "name": "nodejs_app",
      "provider": "provider[\"registry.terraform.io/gavinbunney/kubectl\"]",
      "instances": [
        {
          "status": "tainted",
          "schema_version": 1,
          "attributes": {
            "api_version": "apps/v1",
            "apply_only": false,
            "force_conflicts": false,
            "force_new": false,
            "id": "/apis/apps/v1/namespaces/default/deployments/nodejs-app",
            "ignore_fields": null,
            "kind": "Deployment",
            "live_manifest_incluster": "c957d54e5e809e3fa1ed8dbc35859303fae53de3ed8c5ae72d359cf4f21f2d60",
            "live_uid": "2b331487-3935-42c7-a21d-28b1a91d8360",
            "name": "nodejs-app",
            "namespace": null,
            "override_namespace": null,
            "sensitive_fields": null,
            "server_side_apply": false,
            "timeouts": null,
            "uid": "2b331487-3935-42c7-a21d-28b1a91d8360",
            "validate_schema": true,
            "wait": null,
            "wait_for_rollout": true,
            "yaml_body": "apiVersion: apps/v1\nkind: Deployment\nmetadata:\n  name: nodejs-app\nspec:\n  replicas: 1\n  selector:\n    matchLabels:\n      app: nodejs-app\n  template:\n    metadata:\n      labels:\n        app: nodejs-app\n    spec:\n      containers:\n      - name: nodejs-app\n        image: husseinalamutu/helloapp\n        ports:\n        - containerPort: 3000\n",
            "yaml_body_parsed": "apiVersion: apps/v1\nkind: Deployment\nmetadata:\n  name: nodejs-app\nspec:\n  replicas: 1\n  selector:\n    matchLabels:\n      app: nodejs-app\n  template:\n    metadata:\n      labels:\n        app: nodejs-app\n    spec:\n      containers:\n      - image: husseinalamutu/helloapp\n        name: nodejs-app\n        ports:\n        - containerPort: 3000\n",
            "yaml_incluster": "c957d54e5e809e3fa1ed8dbc35859303fae53de3ed8c5ae72d359cf4f21f2d60"
          },
          "sensitive_attributes": [],
          "private": "eyJlMmJmYjczMC1lY2FhLTExZTYtOGY4OC0zNDM2M2JjN2M0YzAiOnsiY3JlYXRlIjo2MDAwMDAwMDAwMDB9LCJzY2hlbWFfdmVyc2lvbiI6IjEifQ=="
        }
      ]
    }
  ],
  "check_results": null
}
